
Microsoft Visual Studio Solution File, Format Version 12.00
# Visual Studio Version 17
VisualStudioVersion = 17.8.34309.116
MinimumVisualStudioVersion = 10.0.40219.1
Project("{FAE04EC0-301F-11D3-BF4B-00C04F79EFBC}") = "class-9 try", "class-9 try\class-9 try.csproj", "{D169776B-5AC9-4DC9-87F7-32F1A0EC562E}"
EndProject
Global
	GlobalSection(SolutionConfigurationPlatforms) = preSolution
		Debug|Any CPU = Debug|Any CPU
		Release|Any CPU = Release|Any CPU
	EndGlobalSection
	GlobalSection(ProjectConfigurationPlatforms) = postSolution
		{D169776B-5AC9-4DC9-87F7-32F1A0EC562E}.Debug|Any CPU.ActiveCfg = Debug|Any CPU
		{D169776B-5AC9-4DC9-87F7-32F1A0EC562E}.Debug|Any CPU.Build.0 = Debug|Any CPU
		{D169776B-5AC9-4DC9-87F7-32F1A0EC562E}.Release|Any CPU.ActiveCfg = Release|Any CPU
		{D169776B-5AC9-4DC9-87F7-32F1A0EC562E}.Release|Any CPU.Build.0 = Release|Any CPU
	EndGlobalSection
	GlobalSection(SolutionProperties) = preSolution
		HideSolutionNode = FALSE
	EndGlobalSection
	GlobalSection(ExtensibilityGlobals) = postSolution
		SolutionGuid = {6D2E6918-2A52-4B56-AB2A-85037062D8C5}
	EndGlobalSection
EndGlobal
