
Microsoft Visual Studio Solution File, Format Version 12.00
# Visual Studio Version 17
VisualStudioVersion = 17.8.34309.116
MinimumVisualStudioVersion = 10.0.40219.1
Project("{FAE04EC0-301F-11D3-BF4B-00C04F79EFBC}") = "class-1", "class-1\class-1.csproj", "{81339813-CABF-4707-B1F0-03FE4AEDA2C1}"
EndProject
Global
	GlobalSection(SolutionConfigurationPlatforms) = preSolution
		Debug|Any CPU = Debug|Any CPU
		Release|Any CPU = Release|Any CPU
	EndGlobalSection
	GlobalSection(ProjectConfigurationPlatforms) = postSolution
		{81339813-CABF-4707-B1F0-03FE4AEDA2C1}.Debug|Any CPU.ActiveCfg = Debug|Any CPU
		{81339813-CABF-4707-B1F0-03FE4AEDA2C1}.Debug|Any CPU.Build.0 = Debug|Any CPU
		{81339813-CABF-4707-B1F0-03FE4AEDA2C1}.Release|Any CPU.ActiveCfg = Release|Any CPU
		{81339813-CABF-4707-B1F0-03FE4AEDA2C1}.Release|Any CPU.Build.0 = Release|Any CPU
	EndGlobalSection
	GlobalSection(SolutionProperties) = preSolution
		HideSolutionNode = FALSE
	EndGlobalSection
	GlobalSection(ExtensibilityGlobals) = postSolution
		SolutionGuid = {2020CF04-142F-4682-95D8-2E85D17E2D3C}
	EndGlobalSection
EndGlobal
