
Microsoft Visual Studio Solution File, Format Version 12.00
# Visual Studio Version 17
VisualStudioVersion = 17.8.34309.116
MinimumVisualStudioVersion = 10.0.40219.1
Project("{FAE04EC0-301F-11D3-BF4B-00C04F79EFBC}") = "Cclass-3", "Cclass-3\Cclass-3.csproj", "{BED9134B-BB98-42BD-83CD-9F6D95A27A59}"
EndProject
Global
	GlobalSection(SolutionConfigurationPlatforms) = preSolution
		Debug|Any CPU = Debug|Any CPU
		Release|Any CPU = Release|Any CPU
	EndGlobalSection
	GlobalSection(ProjectConfigurationPlatforms) = postSolution
		{BED9134B-BB98-42BD-83CD-9F6D95A27A59}.Debug|Any CPU.ActiveCfg = Debug|Any CPU
		{BED9134B-BB98-42BD-83CD-9F6D95A27A59}.Debug|Any CPU.Build.0 = Debug|Any CPU
		{BED9134B-BB98-42BD-83CD-9F6D95A27A59}.Release|Any CPU.ActiveCfg = Release|Any CPU
		{BED9134B-BB98-42BD-83CD-9F6D95A27A59}.Release|Any CPU.Build.0 = Release|Any CPU
	EndGlobalSection
	GlobalSection(SolutionProperties) = preSolution
		HideSolutionNode = FALSE
	EndGlobalSection
	GlobalSection(ExtensibilityGlobals) = postSolution
		SolutionGuid = {7CA77AF9-5ACC-40E8-AF2F-58097CE29BC0}
	EndGlobalSection
EndGlobal
