
Microsoft Visual Studio Solution File, Format Version 12.00
# Visual Studio Version 17
VisualStudioVersion = 17.8.34309.116
MinimumVisualStudioVersion = 10.0.40219.1
Project("{FAE04EC0-301F-11D3-BF4B-00C04F79EFBC}") = "inheritance-polymor", "inheritance-polymor\inheritance-polymor.csproj", "{153AE9BA-9224-491D-94FC-948751889494}"
EndProject
Global
	GlobalSection(SolutionConfigurationPlatforms) = preSolution
		Debug|Any CPU = Debug|Any CPU
		Release|Any CPU = Release|Any CPU
	EndGlobalSection
	GlobalSection(ProjectConfigurationPlatforms) = postSolution
		{153AE9BA-9224-491D-94FC-948751889494}.Debug|Any CPU.ActiveCfg = Debug|Any CPU
		{153AE9BA-9224-491D-94FC-948751889494}.Debug|Any CPU.Build.0 = Debug|Any CPU
		{153AE9BA-9224-491D-94FC-948751889494}.Release|Any CPU.ActiveCfg = Release|Any CPU
		{153AE9BA-9224-491D-94FC-948751889494}.Release|Any CPU.Build.0 = Release|Any CPU
	EndGlobalSection
	GlobalSection(SolutionProperties) = preSolution
		HideSolutionNode = FALSE
	EndGlobalSection
	GlobalSection(ExtensibilityGlobals) = postSolution
		SolutionGuid = {33A0960B-D090-41E1-8F31-850144BDB5DF}
	EndGlobalSection
EndGlobal
